# Generated by buf. DO NOT EDIT.
version: v1
deps:
  - remote: buf.build
    owner: cosmos
    repository: cosmos-proto
    commit: 1935555c206d4afb9e94615dfd0fad31
    digest: shake256:c74d91a3ac7ae07d579e90eee33abf9b29664047ac8816500cf22c081fec0d72d62c89ce0bebafc1f6fec7aa5315be72606717740ca95007248425102c365377
  - remote: buf.build
    owner: cosmos
    repository: cosmos-sdk
    commit: aa25660f4ff746388669ce36b3778442
    digest: shake256:a20eb29eb7284d9d0b76e94324a6e24e3665d13682bed0d5beac647d7109b7b2f22080301276779a91f394c97dab334da36dfc01d4252d9f869b090bfc8248aa
  - remote: buf.build
    owner: cosmos
    repository: gogo-proto
    commit: 34d970b699f84aa382f3c29773a60836
    digest: shake256:3d3bee5229ba579e7d19ffe6e140986a228b48a8c7fe74348f308537ab95e9135210e81812489d42cd8941d33ff71f11583174ccc5972e86e6112924b6ce9f04
  - remote: buf.build
    owner: cosmos
    repository: ibc
    commit: f66a294d94c44217961e09cb92d712c5
    digest: shake256:f256940488d2d6ea252755972fa8242e66a8a1f773d82cb2abcfe362fbf79f2c5bdb7b94ad321b6e75360d5a891696dca1b6bc98050a10f514dc3fd7aeaf1c60
  - remote: buf.build
    owner: cosmos
    repository: ics23
    commit: 3c44d8daa8b44059ac744cd17d4a49d7
    digest: shake256:fed75bde09a652f2cbe6085d5e1afa8292f166a0f6314369fb60b71c189d34e893ee1bffde527373abd371c110bdc80e8ed1d534eaaf5da6bc62634903a6ec44
  - remote: buf.build
    owner: googleapis
    repository: googleapis
    commit: 75b4300737fb4efca0831636be94e517
    digest: shake256:d865f55b8ceb838c90c28b09894ab43d07f42551108c23760004a6a4e28fe24d3a1f7380a3c9278edb329a338a9cc5db8ad9f394de548e70d534e98504972d67
  - remote: buf.build
    owner: protocolbuffers
    repository: wellknowntypes
    commit: 44e83bc050a4497fa7b36b34d95ca156
    digest: shake256:bcdc007a8baabe27bdc06f3c8973bed7bea9faca4b486903a8f65c0492985864143888eb570a956ce4127d6afdaea346cf0393405a8144a1c5d026318c4c254c
